
Microsoft Visual Studio Solution File, Format Version 12.00
# Visual Studio Version 16
VisualStudioVersion = 16.0.32106.194
MinimumVisualStudioVersion = 10.0.40219.1
Project("{FAE04EC0-301F-11D3-BF4B-00C04F79EFBC}") = "Mission6Group", "Mission6Group.csproj", "{1E60ECE9-DC60-4C02-B9A8-E95256C4A885}"
EndProject
Global
	GlobalSection(SolutionConfigurationPlatforms) = preSolution
		Debug|Any CPU = Debug|Any CPU
		Release|Any CPU = Release|Any CPU
	EndGlobalSection
	GlobalSection(ProjectConfigurationPlatforms) = postSolution
		{1E60ECE9-DC60-4C02-B9A8-E95256C4A885}.Debug|Any CPU.ActiveCfg = Debug|Any CPU
		{1E60ECE9-DC60-4C02-B9A8-E95256C4A885}.Debug|Any CPU.Build.0 = Debug|Any CPU
		{1E60ECE9-DC60-4C02-B9A8-E95256C4A885}.Release|Any CPU.ActiveCfg = Release|Any CPU
		{1E60ECE9-DC60-4C02-B9A8-E95256C4A885}.Release|Any CPU.Build.0 = Release|Any CPU
	EndGlobalSection
	GlobalSection(SolutionProperties) = preSolution
		HideSolutionNode = FALSE
	EndGlobalSection
	GlobalSection(ExtensibilityGlobals) = postSolution
		SolutionGuid = {832B86EA-D12D-4074-98C2-B549D0764E5C}
	EndGlobalSection
EndGlobal
